// !$*UTF8*$!
{
	archiveVersion = 1;
	classes = {
	};
	objectVersion = 50;
	objects = {

/* Begin PBXBuildFile section */
		23C93509EADD4786B520C16A /* Pods_Interview.framework in Frameworks */ = {isa = PBXBuildFile; fileRef = 06165CAC34325E7F170503D7 /* Pods_Interview.framework */; };
		B0F43C2921084D2400B08F4B /* AppDelegate.swift in Sources */ = {isa = PBXBuildFile; fileRef = B0F43C2821084D2400B08F4B /* AppDelegate.swift */; };
		B0F43C2B21084D2400B08F4B /* ViewController.swift in Sources */ = {isa = PBXBuildFile; fileRef = B0F43C2A21084D2400B08F4B /* ViewController.swift */; };
		B0F43C2E21084D2400B08F4B /* Main.storyboard in Resources */ = {isa = PBXBuildFile; fileRef = B0F43C2C21084D2400B08F4B /* Main.storyboard */; };
		B0F43C3021084D2700B08F4B /* Assets.xcassets in Resources */ = {isa = PBXBuildFile; fileRef = B0F43C2F21084D2700B08F4B /* Assets.xcassets */; };
		B0F43C3321084D2700B08F4B /* LaunchScreen.storyboard in Resources */ = {isa = PBXBuildFile; fileRef = B0F43C3121084D2700B08F4B /* LaunchScreen.storyboard */; };
		B0F43C3B2108534200B08F4B /* Cell.swift in Sources */ = {isa = PBXBuildFile; fileRef = B0F43C3A2108534200B08F4B /* Cell.swift */; };
		B0F43C3D21088FCD00B08F4B /* APIRequest.swift in Sources */ = {isa = PBXBuildFile; fileRef = B0F43C3C21088FCD00B08F4B /* APIRequest.swift */; };
		B0F43C3F2108918B00B08F4B /* APIClient.swift in Sources */ = {isa = PBXBuildFile; fileRef = B0F43C3E2108918B00B08F4B /* APIClient.swift */; };
		B0F43C412108931100B08F4B /* Extensions.swift in Sources */ = {isa = PBXBuildFile; fileRef = B0F43C402108931100B08F4B /* Extensions.swift */; };
		B0F43C432108960B00B08F4B /* Defaults.swift in Sources */ = {isa = PBXBuildFile; fileRef = B0F43C422108960B00B08F4B /* Defaults.swift */; };
/* End PBXBuildFile section */

/* Begin PBXFileReference section */
		06165CAC34325E7F170503D7 /* Pods_Interview.framework */ = {isa = PBXFileReference; explicitFileType = wrapper.framework; includeInIndex = 0; path = Pods_Interview.framework; sourceTree = BUILT_PRODUCTS_DIR; };
		103659643BC6232EAD3A3149 /* Pods-Interview.debug.xcconfig */ = {isa = PBXFileReference; includeInIndex = 1; lastKnownFileType = text.xcconfig; name = "Pods-Interview.debug.xcconfig"; path = "Pods/Target Support Files/Pods-Interview/Pods-Interview.debug.xcconfig"; sourceTree = "<group>"; };
		B0F43C2521084D2400B08F4B /* Interview.app */ = {isa = PBXFileReference; explicitFileType = wrapper.application; includeInIndex = 0; path = Interview.app; sourceTree = BUILT_PRODUCTS_DIR; };
		B0F43C2821084D2400B08F4B /* AppDelegate.swift */ = {isa = PBXFileReference; lastKnownFileType = sourcecode.swift; path = AppDelegate.swift; sourceTree = "<group>"; };
		B0F43C2A21084D2400B08F4B /* ViewController.swift */ = {isa = PBXFileReference; lastKnownFileType = sourcecode.swift; path = ViewController.swift; sourceTree = "<group>"; };
		B0F43C2D21084D2400B08F4B /* Base */ = {isa = PBXFileReference; lastKnownFileType = file.storyboard; name = Base; path = Base.lproj/Main.storyboard; sourceTree = "<group>"; };
		B0F43C2F21084D2700B08F4B /* Assets.xcassets */ = {isa = PBXFileReference; lastKnownFileType = folder.assetcatalog; path = Assets.xcassets; sourceTree = "<group>"; };
		B0F43C3221084D2700B08F4B /* Base */ = {isa = PBXFileReference; lastKnownFileType = file.storyboard; name = Base; path = Base.lproj/LaunchScreen.storyboard; sourceTree = "<group>"; };
		B0F43C3421084D2700B08F4B /* Info.plist */ = {isa = PBXFileReference; lastKnownFileType = text.plist.xml; path = Info.plist; sourceTree = "<group>"; };
		B0F43C3A2108534200B08F4B /* Cell.swift */ = {isa = PBXFileReference; lastKnownFileType = sourcecode.swift; path = Cell.swift; sourceTree = "<group>"; };
		B0F43C3C21088FCD00B08F4B /* APIRequest.swift */ = {isa = PBXFileReference; lastKnownFileType = sourcecode.swift; path = APIRequest.swift; sourceTree = "<group>"; };
		B0F43C3E2108918B00B08F4B /* APIClient.swift */ = {isa = PBXFileReference; lastKnownFileType = sourcecode.swift; path = APIClient.swift; sourceTree = "<group>"; };
		B0F43C402108931100B08F4B /* Extensions.swift */ = {isa = PBXFileReference; lastKnownFileType = sourcecode.swift; path = Extensions.swift; sourceTree = "<group>"; };
		B0F43C422108960B00B08F4B /* Defaults.swift */ = {isa = PBXFileReference; fileEncoding = 4; lastKnownFileType = sourcecode.swift; path = Defaults.swift; sourceTree = "<group>"; };
		E3A44736B6B5C66A4BC611BF /* Pods-Interview.release.xcconfig */ = {isa = PBXFileReference; includeInIndex = 1; lastKnownFileType = text.xcconfig; name = "Pods-Interview.release.xcconfig"; path = "Pods/Target Support Files/Pods-Interview/Pods-Interview.release.xcconfig"; sourceTree = "<group>"; };
/* End PBXFileReference section */

/* Begin PBXFrameworksBuildPhase section */
		B0F43C2221084D2400B08F4B /* Frameworks */ = {
			isa = PBXFrameworksBuildPhase;
			buildActionMask = 2147483647;
			files = (
				23C93509EADD4786B520C16A /* Pods_Interview.framework in Frameworks */,
			);
			runOnlyForDeploymentPostprocessing = 0;
		};
/* End PBXFrameworksBuildPhase section */

/* Begin PBXGroup section */
		5F508D9E56B7DBA8BD7276CC /* Pods */ = {
			isa = PBXGroup;
			children = (
				103659643BC6232EAD3A3149 /* Pods-Interview.debug.xcconfig */,
				E3A44736B6B5C66A4BC611BF /* Pods-Interview.release.xcconfig */,
			);
			name = Pods;
			sourceTree = "<group>";
		};
		9BFDCC11D40CF044883D5B42 /* Frameworks */ = {
			isa = PBXGroup;
			children = (
				06165CAC34325E7F170503D7 /* Pods_Interview.framework */,
			);
			name = Frameworks;
			sourceTree = "<group>";
		};
		B0F43C1C21084D2300B08F4B = {
			isa = PBXGroup;
			children = (
				B0F43C2721084D2400B08F4B /* Interview */,
				B0F43C2621084D2400B08F4B /* Products */,
				5F508D9E56B7DBA8BD7276CC /* Pods */,
				9BFDCC11D40CF044883D5B42 /* Frameworks */,
			);
			sourceTree = "<group>";
		};
		B0F43C2621084D2400B08F4B /* Products */ = {
			isa = PBXGroup;
			children = (
				B0F43C2521084D2400B08F4B /* Interview.app */,
			);
			name = Products;
			sourceTree = "<group>";
		};
		B0F43C2721084D2400B08F4B /* Interview */ = {
			isa = PBXGroup;
			children = (
				B0F43C2821084D2400B08F4B /* AppDelegate.swift */,
				B0F43C2A21084D2400B08F4B /* ViewController.swift */,
				B0F43C3A2108534200B08F4B /* Cell.swift */,
				B0F43C2C21084D2400B08F4B /* Main.storyboard */,
				B0F43C2F21084D2700B08F4B /* Assets.xcassets */,
				B0F43C3121084D2700B08F4B /* LaunchScreen.storyboard */,
				B0F43C3421084D2700B08F4B /* Info.plist */,
				B0F43C3C21088FCD00B08F4B /* APIRequest.swift */,
				B0F43C3E2108918B00B08F4B /* APIClient.swift */,
				B0F43C402108931100B08F4B /* Extensions.swift */,
				B0F43C422108960B00B08F4B /* Defaults.swift */,
			);
			path = Interview;
			sourceTree = "<group>";
		};
/* End PBXGroup section */

/* Begin PBXNativeTarget section */
		B0F43C2421084D2400B08F4B /* Interview */ = {
			isa = PBXNativeTarget;
			buildConfigurationList = B0F43C3721084D2700B08F4B /* Build configuration list for PBXNativeTarget "Interview" */;
			buildPhases = (
				43F87837C485E8AE20079E0E /* [CP] Check Pods Manifest.lock */,
				B0F43C2121084D2400B08F4B /* Sources */,
				B0F43C2221084D2400B08F4B /* Frameworks */,
				B0F43C2321084D2400B08F4B /* Resources */,
				251B6F46DC5D75103EC6E76E /* [CP] Embed Pods Frameworks */,
			);
			buildRules = (
			);
			dependencies = (
			);
			name = Interview;
			productName = Interview;
			productReference = B0F43C2521084D2400B08F4B /* Interview.app */;
			productType = "com.apple.product-type.application";
		};
/* End PBXNativeTarget section */

/* Begin PBXProject section */
		B0F43C1D21084D2300B08F4B /* Project object */ = {
			isa = PBXProject;
			attributes = {
				LastSwiftUpdateCheck = 0940;
				LastUpgradeCheck = 0940;
				ORGANIZATIONNAME = Py;
				TargetAttributes = {
					B0F43C2421084D2400B08F4B = {
						CreatedOnToolsVersion = 9.4.1;
					};
				};
			};
			buildConfigurationList = B0F43C2021084D2300B08F4B /* Build configuration list for PBXProject "Interview" */;
			compatibilityVersion = "Xcode 9.3";
			developmentRegion = en;
			hasScannedForEncodings = 0;
			knownRegions = (
				en,
				Base,
			);
			mainGroup = B0F43C1C21084D2300B08F4B;
			productRefGroup = B0F43C2621084D2400B08F4B /* Products */;
			projectDirPath = "";
			projectRoot = "";
			targets = (
				B0F43C2421084D2400B08F4B /* Interview */,
			);
		};
/* End PBXProject section */

/* Begin PBXResourcesBuildPhase section */
		B0F43C2321084D2400B08F4B /* Resources */ = {
			isa = PBXResourcesBuildPhase;
			buildActionMask = 2147483647;
			files = (
				B0F43C3321084D2700B08F4B /* LaunchScreen.storyboard in Resources */,
				B0F43C3021084D2700B08F4B /* Assets.xcassets in Resources */,
				B0F43C2E21084D2400B08F4B /* Main.storyboard in Resources */,
			);
			runOnlyForDeploymentPostprocessing = 0;
		};
/* End PBXResourcesBuildPhase section */

/* Begin PBXShellScriptBuildPhase section */
		251B6F46DC5D75103EC6E76E /* [CP] Embed Pods Frameworks */ = {
			isa = PBXShellScriptBuildPhase;
			buildActionMask = 2147483647;
			files = (
			);
			inputPaths = (
				"${SRCROOT}/Pods/Target Support Files/Pods-Interview/Pods-Interview-frameworks.sh",
				"${BUILT_PRODUCTS_DIR}/Alamofire/Alamofire.framework",
				"${BUILT_PRODUCTS_DIR}/AlamofireImage/AlamofireImage.framework",
				"${BUILT_PRODUCTS_DIR}/SwifterJSON/SwifterJSON.framework",
			);
			name = "[CP] Embed Pods Frameworks";
			outputPaths = (
				"${TARGET_BUILD_DIR}/${FRAMEWORKS_FOLDER_PATH}/Alamofire.framework",
				"${TARGET_BUILD_DIR}/${FRAMEWORKS_FOLDER_PATH}/AlamofireImage.framework",
				"${TARGET_BUILD_DIR}/${FRAMEWORKS_FOLDER_PATH}/SwifterJSON.framework",
			);
			runOnlyForDeploymentPostprocessing = 0;
			shellPath = /bin/sh;
			shellScript = "\"${SRCROOT}/Pods/Target Support Files/Pods-Interview/Pods-Interview-frameworks.sh\"\n";
			showEnvVarsInLog = 0;
		};
		43F87837C485E8AE20079E0E /* [CP] Check Pods Manifest.lock */ = {
			isa = PBXShellScriptBuildPhase;
			buildActionMask = 2147483647;
			files = (
			);
			inputPaths = (
				"${PODS_PODFILE_DIR_PATH}/Podfile.lock",
				"${PODS_ROOT}/Manifest.lock",
			);
			name = "[CP] Check Pods Manifest.lock";
			outputPaths = (
				"$(DERIVED_FILE_DIR)/Pods-Interview-checkManifestLockResult.txt",
			);
			runOnlyForDeploymentPostprocessing = 0;
			shellPath = /bin/sh;
			shellScript = "diff \"${PODS_PODFILE_DIR_PATH}/Podfile.lock\" \"${PODS_ROOT}/Manifest.lock\" > /dev/null\nif [ $? != 0 ] ; then\n    # print error to STDERR\n    echo \"error: The sandbox is not in sync with the Podfile.lock. Run 'pod install' or update your CocoaPods installation.\" >&2\n    exit 1\nfi\n# This output is used by Xcode 'outputs' to avoid re-running this script phase.\necho \"SUCCESS\" > \"${SCRIPT_OUTPUT_FILE_0}\"\n";
			showEnvVarsInLog = 0;
		};
/* End PBXShellScriptBuildPhase section */

/* Begin PBXSourcesBuildPhase section */
		B0F43C2121084D2400B08F4B /* Sources */ = {
			isa = PBXSourcesBuildPhase;
			buildActionMask = 2147483647;
			files = (
				B0F43C2B21084D2400B08F4B /* ViewController.swift in Sources */,
				B0F43C432108960B00B08F4B /* Defaults.swift in Sources */,
				B0F43C412108931100B08F4B /* Extensions.swift in Sources */,
				B0F43C2921084D2400B08F4B /* AppDelegate.swift in Sources */,
				B0F43C3D21088FCD00B08F4B /* APIRequest.swift in Sources */,
				B0F43C3F2108918B00B08F4B /* APIClient.swift in Sources */,
				B0F43C3B2108534200B08F4B /* Cell.swift in Sources */,
			);
			runOnlyForDeploymentPostprocessing = 0;
		};
/* End PBXSourcesBuildPhase section */

/* Begin PBXVariantGroup section */
		B0F43C2C21084D2400B08F4B /* Main.storyboard */ = {
			isa = PBXVariantGroup;
			children = (
				B0F43C2D21084D2400B08F4B /* Base */,
			);
			name = Main.storyboard;
			sourceTree = "<group>";
		};
		B0F43C3121084D2700B08F4B /* LaunchScreen.storyboard */ = {
			isa = PBXVariantGroup;
			children = (
				B0F43C3221084D2700B08F4B /* Base */,
			);
			name = LaunchScreen.storyboard;
			sourceTree = "<group>";
		};
/* End PBXVariantGroup section */

/* Begin XCBuildConfiguration section */
		B0F43C3521084D2700B08F4B /* Debug */ = {
			isa = XCBuildConfiguration;
			buildSettings = {
				ALWAYS_SEARCH_USER_PATHS = NO;
				CLANG_ANALYZER_NONNULL = YES;
				CLANG_ANALYZER_NUMBER_OBJECT_CONVERSION = YES_AGGRESSIVE;
				CLANG_CXX_LANGUAGE_STANDARD = "gnu++14";
				CLANG_CXX_LIBRARY = "libc++";
				CLANG_ENABLE_MODULES = YES;
				CLANG_ENABLE_OBJC_ARC = YES;
				CLANG_ENABLE_OBJC_WEAK = YES;
				CLANG_WARN_BLOCK_CAPTURE_AUTORELEASING = YES;
				CLANG_WARN_BOOL_CONVERSION = YES;
				CLANG_WARN_COMMA = YES;
				CLANG_WARN_CONSTANT_CONVERSION = YES;
				CLANG_WARN_DEPRECATED_OBJC_IMPLEMENTATIONS = YES;
				CLANG_WARN_DIRECT_OBJC_ISA_USAGE = YES_ERROR;
				CLANG_WARN_DOCUMENTATION_COMMENTS = YES;
				CLANG_WARN_EMPTY_BODY = YES;
				CLANG_WARN_ENUM_CONVERSION = YES;
				CLANG_WARN_INFINITE_RECURSION = YES;
				CLANG_WARN_INT_CONVERSION = YES;
				CLANG_WARN_NON_LITERAL_NULL_CONVERSION = YES;
				CLANG_WARN_OBJC_IMPLICIT_RETAIN_SELF = YES;
				CLANG_WARN_OBJC_LITERAL_CONVERSION = YES;
				CLANG_WARN_OBJC_ROOT_CLASS = YES_ERROR;
				CLANG_WARN_RANGE_LOOP_ANALYSIS = YES;
				CLANG_WARN_STRICT_PROTOTYPES = YES;
				CLANG_WARN_SUSPICIOUS_MOVE = YES;
				CLANG_WARN_UNGUARDED_AVAILABILITY = YES_AGGRESSIVE;
				CLANG_WARN_UNREACHABLE_CODE = YES;
				CLANG_WARN__DUPLICATE_METHOD_MATCH = YES;
				CODE_SIGN_IDENTITY = "iPhone Developer";
				COPY_PHASE_STRIP = NO;
				DEBUG_INFORMATION_FORMAT = dwarf;
				ENABLE_STRICT_OBJC_MSGSEND = YES;
				ENABLE_TESTABILITY = YES;
				GCC_C_LANGUAGE_STANDARD = gnu11;
				GCC_DYNAMIC_NO_PIC = NO;
				GCC_NO_COMMON_BLOCKS = YES;
				GCC_OPTIMIZATION_LEVEL = 0;
				GCC_PREPROCESSOR_DEFINITIONS = (
					"DEBUG=1",
					"$(inherited)",
				);
				GCC_WARN_64_TO_32_BIT_CONVERSION = YES;
				GCC_WARN_ABOUT_RETURN_TYPE = YES_ERROR;
				GCC_WARN_UNDECLARED_SELECTOR = YES;
				GCC_WARN_UNINITIALIZED_AUTOS = YES_AGGRESSIVE;
				GCC_WARN_UNUSED_FUNCTION = YES;
				GCC_WARN_UNUSED_VARIABLE = YES;
				IPHONEOS_DEPLOYMENT_TARGET = 11.4;
				MTL_ENABLE_DEBUG_INFO = YES;
				ONLY_ACTIVE_ARCH = YES;
				SDKROOT = iphoneos;
				SWIFT_ACTIVE_COMPILATION_CONDITIONS = DEBUG;
				SWIFT_OPTIMIZATION_LEVEL = "-Onone";
			};
			name = Debug;
		};
		B0F43C3621084D2700B08F4B /* Release */ = {
			isa = XCBuildConfiguration;
			buildSettings = {
				ALWAYS_SEARCH_USER_PATHS = NO;
				CLANG_ANALYZER_NONNULL = YES;
				CLANG_ANALYZER_NUMBER_OBJECT_CONVERSION = YES_AGGRESSIVE;
				CLANG_CXX_LANGUAGE_STANDARD = "gnu++14";
				CLANG_CXX_LIBRARY = "libc++";
				CLANG_ENABLE_MODULES = YES;
				CLANG_ENABLE_OBJC_ARC = YES;
				CLANG_ENABLE_OBJC_WEAK = YES;
				CLANG_WARN_BLOCK_CAPTURE_AUTORELEASING = YES;
				CLANG_WARN_BOOL_CONVERSION = YES;
				CLANG_WARN_COMMA = YES;
				CLANG_WARN_CONSTANT_CONVERSION = YES;
				CLANG_WARN_DEPRECATED_OBJC_IMPLEMENTATIONS = YES;
				CLANG_WARN_DIRECT_OBJC_ISA_USAGE = YES_ERROR;
				CLANG_WARN_DOCUMENTATION_COMMENTS = YES;
				CLANG_WARN_EMPTY_BODY = YES;
				CLANG_WARN_ENUM_CONVERSION = YES;
				CLANG_WARN_INFINITE_RECURSION = YES;
				CLANG_WARN_INT_CONVERSION = YES;
				CLANG_WARN_NON_LITERAL_NULL_CONVERSION = YES;
				CLANG_WARN_OBJC_IMPLICIT_RETAIN_SELF = YES;
				CLANG_WARN_OBJC_LITERAL_CONVERSION = YES;
				CLANG_WARN_OBJC_ROOT_CLASS = YES_ERROR;
				CLANG_WARN_RANGE_LOOP_ANALYSIS = YES;
				CLANG_WARN_STRICT_PROTOTYPES = YES;
				CLANG_WARN_SUSPICIOUS_MOVE = YES;
				CLANG_WARN_UNGUARDED_AVAILABILITY = YES_AGGRESSIVE;
				CLANG_WARN_UNREACHABLE_CODE = YES;
				CLANG_WARN__DUPLICATE_METHOD_MATCH = YES;
				CODE_SIGN_IDENTITY = "iPhone Developer";
				COPY_PHASE_STRIP = NO;
				DEBUG_INFORMATION_FORMAT = "dwarf-with-dsym";
				ENABLE_NS_ASSERTIONS = NO;
				ENABLE_STRICT_OBJC_MSGSEND = YES;
				GCC_C_LANGUAGE_STANDARD = gnu11;
				GCC_NO_COMMON_BLOCKS = YES;
				GCC_WARN_64_TO_32_BIT_CONVERSION = YES;
				GCC_WARN_ABOUT_RETURN_TYPE = YES_ERROR;
				GCC_WARN_UNDECLARED_SELECTOR = YES;
				GCC_WARN_UNINITIALIZED_AUTOS = YES_AGGRESSIVE;
				GCC_WARN_UNUSED_FUNCTION = YES;
				GCC_WARN_UNUSED_VARIABLE = YES;
				IPHONEOS_DEPLOYMENT_TARGET = 11.4;
				MTL_ENABLE_DEBUG_INFO = NO;
				SDKROOT = iphoneos;
				SWIFT_COMPILATION_MODE = wholemodule;
				SWIFT_OPTIMIZATION_LEVEL = "-O";
				VALIDATE_PRODUCT = YES;
			};
			name = Release;
		};
		B0F43C3821084D2700B08F4B /* Debug */ = {
			isa = XCBuildConfiguration;
			baseConfigurationReference = 103659643BC6232EAD3A3149 /* Pods-Interview.debug.xcconfig */;
			buildSettings = {
				ASSETCATALOG_COMPILER_APPICON_NAME = AppIcon;
				CODE_SIGN_STYLE = Automatic;
				DEVELOPMENT_TEAM = 8XSPHPGR3R;
				INFOPLIST_FILE = Interview/Info.plist;
				LD_RUNPATH_SEARCH_PATHS = (
					"$(inherited)",
					"@executable_path/Frameworks",
				);
				PRODUCT_BUNDLE_IDENTIFIER = com.getpy.Interview;
				PRODUCT_NAME = "$(TARGET_NAME)";
				SWIFT_VERSION = 4.0;
				TARGETED_DEVICE_FAMILY = "1,2";
			};
			name = Debug;
		};
		B0F43C3921084D2700B08F4B /* Release */ = {
			isa = XCBuildConfiguration;
			baseConfigurationReference = E3A44736B6B5C66A4BC611BF /* Pods-Interview.release.xcconfig */;
			buildSettings = {
				ASSETCATALOG_COMPILER_APPICON_NAME = AppIcon;
				CODE_SIGN_STYLE = Automatic;
				DEVELOPMENT_TEAM = 8XSPHPGR3R;
				INFOPLIST_FILE = Interview/Info.plist;
				LD_RUNPATH_SEARCH_PATHS = (
					"$(inherited)",
					"@executable_path/Frameworks",
				);
				PRODUCT_BUNDLE_IDENTIFIER = com.getpy.Interview;
				PRODUCT_NAME = "$(TARGET_NAME)";
				SWIFT_VERSION = 4.0;
				TARGETED_DEVICE_FAMILY = "1,2";
			};
			name = Release;
		};
/* End XCBuildConfiguration section */

/* Begin XCConfigurationList section */
		B0F43C2021084D2300B08F4B /* Build configuration list for PBXProject "Interview" */ = {
			isa = XCConfigurationList;
			buildConfigurations = (
				B0F43C3521084D2700B08F4B /* Debug */,
				B0F43C3621084D2700B08F4B /* Release */,
			);
			defaultConfigurationIsVisible = 0;
			defaultConfigurationName = Release;
		};
		B0F43C3721084D2700B08F4B /* Build configuration list for PBXNativeTarget "Interview" */ = {
			isa = XCConfigurationList;
			buildConfigurations = (
				B0F43C3821084D2700B08F4B /* Debug */,
				B0F43C3921084D2700B08F4B /* Release */,
			);
			defaultConfigurationIsVisible = 0;
			defaultConfigurationName = Release;
		};
/* End XCConfigurationList section */
	};
	rootObject = B0F43C1D21084D2300B08F4B /* Project object */;
}
